
Microsoft Visual Studio Solution File, Format Version 12.00
# Visual Studio Version 16
VisualStudioVersion = 16.0.31112.23
MinimumVisualStudioVersion = 10.0.40219.1
Project("{FAE04EC0-301F-11D3-BF4B-00C04F79EFBC}") = "TestAssignment.WebAPI", "TestAssignment.WebAPI\TestAssignment.WebAPI.csproj", "{DABB9B88-6119-4FFE-92C7-0E0BB53501B0}"
EndProject
Project("{FAE04EC0-301F-11D3-BF4B-00C04F79EFBC}") = "Logistics.DB", "Logistics.DB\Logistics.DB.csproj", "{5D75723D-A2B9-4816-B60F-5453926CB7FF}"
EndProject
Project("{FAE04EC0-301F-11D3-BF4B-00C04F79EFBC}") = "Logistics.Core", "Logistics.Core\Logistics.Core.csproj", "{4FBEAB48-B2E3-4008-98ED-DABA74DA26A3}"
EndProject
Global
	GlobalSection(SolutionConfigurationPlatforms) = preSolution
		Debug|Any CPU = Debug|Any CPU
		Release|Any CPU = Release|Any CPU
	EndGlobalSection
	GlobalSection(ProjectConfigurationPlatforms) = postSolution
		{DABB9B88-6119-4FFE-92C7-0E0BB53501B0}.Debug|Any CPU.ActiveCfg = Debug|Any CPU
		{DABB9B88-6119-4FFE-92C7-0E0BB53501B0}.Debug|Any CPU.Build.0 = Debug|Any CPU
		{DABB9B88-6119-4FFE-92C7-0E0BB53501B0}.Release|Any CPU.ActiveCfg = Release|Any CPU
		{DABB9B88-6119-4FFE-92C7-0E0BB53501B0}.Release|Any CPU.Build.0 = Release|Any CPU
		{5D75723D-A2B9-4816-B60F-5453926CB7FF}.Debug|Any CPU.ActiveCfg = Debug|Any CPU
		{5D75723D-A2B9-4816-B60F-5453926CB7FF}.Debug|Any CPU.Build.0 = Debug|Any CPU
		{5D75723D-A2B9-4816-B60F-5453926CB7FF}.Release|Any CPU.ActiveCfg = Release|Any CPU
		{5D75723D-A2B9-4816-B60F-5453926CB7FF}.Release|Any CPU.Build.0 = Release|Any CPU
		{4FBEAB48-B2E3-4008-98ED-DABA74DA26A3}.Debug|Any CPU.ActiveCfg = Debug|Any CPU
		{4FBEAB48-B2E3-4008-98ED-DABA74DA26A3}.Debug|Any CPU.Build.0 = Debug|Any CPU
		{4FBEAB48-B2E3-4008-98ED-DABA74DA26A3}.Release|Any CPU.ActiveCfg = Release|Any CPU
		{4FBEAB48-B2E3-4008-98ED-DABA74DA26A3}.Release|Any CPU.Build.0 = Release|Any CPU
	EndGlobalSection
	GlobalSection(SolutionProperties) = preSolution
		HideSolutionNode = FALSE
	EndGlobalSection
	GlobalSection(ExtensibilityGlobals) = postSolution
		SolutionGuid = {C0FF8B6B-F0DD-4418-BCF3-B7B06C2823E9}
	EndGlobalSection
EndGlobal
